
Microsoft Visual Studio Solution File, Format Version 12.00
# Visual Studio Version 17
VisualStudioVersion = 17.8.34601.278
MinimumVisualStudioVersion = 10.0.40219.1
Project("{FAE04EC0-301F-11D3-BF4B-00C04F79EFBC}") = "SalesWebMvc", "SalesWebMvc\SalesWebMvc.csproj", "{12C558A4-0353-4945-950D-52B906C28B70}"
EndProject
Global
	GlobalSection(SolutionConfigurationPlatforms) = preSolution
		Debug|Any CPU = Debug|Any CPU
		Release|Any CPU = Release|Any CPU
	EndGlobalSection
	GlobalSection(ProjectConfigurationPlatforms) = postSolution
		{12C558A4-0353-4945-950D-52B906C28B70}.Debug|Any CPU.ActiveCfg = Debug|Any CPU
		{12C558A4-0353-4945-950D-52B906C28B70}.Debug|Any CPU.Build.0 = Debug|Any CPU
		{12C558A4-0353-4945-950D-52B906C28B70}.Release|Any CPU.ActiveCfg = Release|Any CPU
		{12C558A4-0353-4945-950D-52B906C28B70}.Release|Any CPU.Build.0 = Release|Any CPU
	EndGlobalSection
	GlobalSection(SolutionProperties) = preSolution
		HideSolutionNode = FALSE
	EndGlobalSection
	GlobalSection(ExtensibilityGlobals) = postSolution
		SolutionGuid = {84F65A50-076D-470B-BB5E-61966E243A52}
	EndGlobalSection
EndGlobal
